PODS:
  - Expecta (1.0.6)
  - Specta (1.0.7)
  - XJPCategoryKit (1.1.0)

DEPENDENCIES:
  - Expecta
  - Specta
  - XJPCategoryKit (from `../`)

SPEC REPOS:
  trunk:
    - Expecta
    - Specta

EXTERNAL SOURCES:
  XJPCategoryKit:
    :path: "../"

SPEC CHECKSUMS:
  Expecta: 3b6bd90a64b9a1dcb0b70aa0e10a7f8f631667d5
  Specta: 3e1bd89c3517421982dc4d1c992503e48bd5fe66
  XJPCategoryKit: 8bb40da61f3eb1cc2232f1c16815000f0d0eb2d9

PODFILE CHECKSUM: 8dfe85e76db5d747c5eef0894cb37bdcc0608cb5

COCOAPODS: 1.11.3
