PODS:
  - Expecta (1.0.6)
  - Specta (1.0.7)
  - XJPCategoryKit (0.1.0)

DEPENDENCIES:
  - Expecta
  - Specta
  - XJPCategoryKit (from `../`)

SPEC REPOS:
  trunk:
    - Expecta
    - Specta

EXTERNAL SOURCES:
  XJPCategoryKit:
    :path: "../"

SPEC CHECKSUMS:
  Expecta: 3b6bd90a64b9a1dcb0b70aa0e10a7f8f631667d5
  Specta: 3e1bd89c3517421982dc4d1c992503e48bd5fe66
  XJPCategoryKit: c1b9649ef934d3f211eeb3a3126d79a5656e8238

PODFILE CHECKSUM: 8dfe85e76db5d747c5eef0894cb37bdcc0608cb5

COCOAPODS: 1.9.1
